// !$*UTF8*$!
{
	archiveVersion = 1;
	classes = {
	};
	objectVersion = 77;
	objects = {

/* Begin PBXBuildFile section */
		01F488FA02872418DEEB4EA3 /* FoodLog.swift in Sources */ = {isa = PBXBuildFile; fileRef = 4353E87842E1DE019B57287E /* FoodLog.swift */; };
		9125CEB3A98047BFEB65333B /* BrainFoodService.swift in Sources */ = {isa = PBXBuildFile; fileRef = 35D9EDDAFDEDF3316B3B4128 /* BrainFoodService.swift */; };
		270A2DE26F6A14A229DF2E76 /* BrainFood.swift in Sources */ = {isa = PBXBuildFile; fileRef = 08FBC55D09F11B8E003CC4FD /* BrainFood.swift */; };
		76B4301907EEC3C0071A25DA /* BrainFoodCard.swift in Sources */ = {isa = PBXBuildFile; fileRef = FE22E150B6C3E03A9587AF6D /* BrainFoodCard.swift */; };
		AC05BD18EB5B9F96494B86D8 /* EditNutrientGoalView.swift in Sources */ = {isa = PBXBuildFile; fileRef = 5DE3926FB30336B8156E725B /* EditNutrientGoalView.swift */; };
		5F82F5F5F0BAB9BBD4D07EA3 /* HealthKitService.swift in Sources */ = {isa = PBXBuildFile; fileRef = 84736134C12DB15B74DA35DE /* HealthKitService.swift */; };
		410F922E2FDB73B0510780A0 /* FoodSearchView.swift in Sources */ = {isa = PBXBuildFile; fileRef = 17C003DD582CD2FA28DBA5DC /* FoodSearchView.swift */; };
		D47DC1C9AF496407E71511D9 /* NutrientCatalog.swift in Sources */ = {isa = PBXBuildFile; fileRef = C76A4B203C1BA5922F99BB13 /* NutrientCatalog.swift */; };
		4C23FC18883102A40C0DF597 /* AddNutrientGoalView.swift in Sources */ = {isa = PBXBuildFile; fileRef = 19BFADD40954FA428E1D1542 /* AddNutrientGoalView.swift */; };
		09B88483902773AB55BC8450 /* NutrientProgressCard.swift in Sources */ = {isa = PBXBuildFile; fileRef = 26F75F47365B9F768865880A /* NutrientProgressCard.swift */; };
		14E455B7D761A2A5569CD582 /* FoodLogView.swift in Sources */ = {isa = PBXBuildFile; fileRef = A8021A7DE3D7F90389C81725 /* FoodLogView.swift */; };
		1B673149CAE62E8E4FEC50B2 /* Meal.swift in Sources */ = {isa = PBXBuildFile; fileRef = C3968C93D864558F1DB87A76 /* Meal.swift */; };
		1B76F83030185C4500611817 /* NutrientGoal.swift in Sources */ = {isa = PBXBuildFile; fileRef = 1B76F82F30185C4500611817 /* NutrientGoal.swift */; };
		1B76F8323018606600611817 /* NutrientProgress.swift in Sources */ = {isa = PBXBuildFile; fileRef = 1B76F8313018606600611817 /* NutrientProgress.swift */; };
		28404818AEE2BDAF75ECF22F /* OpenFoodFactsService.swift in Sources */ = {isa = PBXBuildFile; fileRef = D09CCF9107970ABDC0ECFE32 /* OpenFoodFactsService.swift */; };
		38A4E2BF1ACDA66E2FA51664 /* TodayMealsSection.swift in Sources */ = {isa = PBXBuildFile; fileRef = 88A37F96D5637B8466DFE41E /* TodayMealsSection.swift */; };
		3A39797E4504AB5A6A822F83 /* HealthTrackerApp.swift in Sources */ = {isa = PBXBuildFile; fileRef = C5E1835B5C8F30F9D4BD65B4 /* HealthTrackerApp.swift */; };
		4A32E163E111A80F036F359E /* ContentView.swift in Sources */ = {isa = PBXBuildFile; fileRef = E5AC3E9C0E6A697BB56E25A8 /* ContentView.swift */; };
		58282CB5D17193A11879E8BD /* AddGoalView.swift in Sources */ = {isa = PBXBuildFile; fileRef = 9D939D7DC66776EDBCDC0639 /* AddGoalView.swift */; };
		58769B61C69EC3DBD9593501 /* HomeView.swift in Sources */ = {isa = PBXBuildFile; fileRef = C3173664487E70C187641837 /* HomeView.swift */; };
		719E2329C08AEE18BB71AA6B /* AddFoodToMealView.swift in Sources */ = {isa = PBXBuildFile; fileRef = 18AF7B9661511F6D0E6A5F66 /* AddFoodToMealView.swift */; };
		8A5F9F890375B7EAFB02D935 /* BarcodeScannerView.swift in Sources */ = {isa = PBXBuildFile; fileRef = 0AD0B0DBAD9DA455AFB1B7A1 /* BarcodeScannerView.swift */; };
		8C8EB1204B26CA369410E7A4 /* Secrets.swift.example in Resources */ = {isa = PBXBuildFile; fileRef = D05E70F5EFD2309B91C3F539 /* Secrets.swift.example */; };
		9652D3D04809B0062F3B5016 /* Secrets.swift in Sources */ = {isa = PBXBuildFile; fileRef = F6803F67A6868A5E6B78A54A /* Secrets.swift */; };
		99FEBB64E2246A83F545B0A7 /* MealPlanView.swift in Sources */ = {isa = PBXBuildFile; fileRef = BF7165BA0322BBB7141EED69 /* MealPlanView.swift */; };
		A6779DCEC34DF673EEC2295C /* USDAService.swift in Sources */ = {isa = PBXBuildFile; fileRef = 01563E12C1F8267343253B4B /* USDAService.swift */; };
		E5999E2A337CFBCCDF38B9D5 /* GoalsView.swift in Sources */ = {isa = PBXBuildFile; fileRef = D93FE112FAC0311E4A82F2C2 /* GoalsView.swift */; };
		EC02E4406770D6611F5CA559 /* FoodLookupService.swift in Sources */ = {isa = PBXBuildFile; fileRef = F8F309DF5E5978563154E8E6 /* FoodLookupService.swift */; };
		EE88976FD3F04C350E8AC2E4 /* MacroProgressCard.swift in Sources */ = {isa = PBXBuildFile; fileRef = 9809F0C216CBF8755FDA6A26 /* MacroProgressCard.swift */; };
		EED94614ED79A297E427DB84 /* NoGoalBanner.swift in Sources */ = {isa = PBXBuildFile; fileRef = 967331C44D7C971CBB10BF4A /* NoGoalBanner.swift */; };
		F3C52385E637DDB7D17143C5 /* FoodProduct.swift in Sources */ = {isa = PBXBuildFile; fileRef = 79910E7320F38EFEFEAA0219 /* FoodProduct.swift */; };
		F7C0D59A555E8B535B98316E /* Goal.swift in Sources */ = {isa = PBXBuildFile; fileRef = 569D8CEE9DF3A85BB094A460 /* Goal.swift */; };
/* End PBXBuildFile section */

/* Begin PBXFileReference section */
		01563E12C1F8267343253B4B /* USDAService.swift */ = {isa = PBXFileReference; lastKnownFileType = sourcecode.swift; path = USDAService.swift; sourceTree = "<group>"; };
		35D9EDDAFDEDF3316B3B4128 /* BrainFoodService.swift */ = {isa = PBXFileReference; lastKnownFileType = sourcecode.swift; path = BrainFoodService.swift; sourceTree = "<group>"; };
		08FBC55D09F11B8E003CC4FD /* BrainFood.swift */ = {isa = PBXFileReference; lastKnownFileType = sourcecode.swift; path = BrainFood.swift; sourceTree = "<group>"; };
		FE22E150B6C3E03A9587AF6D /* BrainFoodCard.swift */ = {isa = PBXFileReference; lastKnownFileType = sourcecode.swift; path = BrainFoodCard.swift; sourceTree = "<group>"; };
		5DE3926FB30336B8156E725B /* EditNutrientGoalView.swift */ = {isa = PBXFileReference; lastKnownFileType = sourcecode.swift; path = EditNutrientGoalView.swift; sourceTree = "<group>"; };
		84736134C12DB15B74DA35DE /* HealthKitService.swift */ = {isa = PBXFileReference; lastKnownFileType = sourcecode.swift; path = HealthKitService.swift; sourceTree = "<group>"; };
		03DE791C28BBCCDBDB53387C /* HealthTracker.entitlements */ = {isa = PBXFileReference; lastKnownFileType = text.plist.entitlements; path = HealthTracker.entitlements; sourceTree = "<group>"; };
		17C003DD582CD2FA28DBA5DC /* FoodSearchView.swift */ = {isa = PBXFileReference; lastKnownFileType = sourcecode.swift; path = FoodSearchView.swift; sourceTree = "<group>"; };
		C76A4B203C1BA5922F99BB13 /* NutrientCatalog.swift */ = {isa = PBXFileReference; lastKnownFileType = sourcecode.swift; path = NutrientCatalog.swift; sourceTree = "<group>"; };
		19BFADD40954FA428E1D1542 /* AddNutrientGoalView.swift */ = {isa = PBXFileReference; lastKnownFileType = sourcecode.swift; path = AddNutrientGoalView.swift; sourceTree = "<group>"; };
		26F75F47365B9F768865880A /* NutrientProgressCard.swift */ = {isa = PBXFileReference; lastKnownFileType = sourcecode.swift; path = NutrientProgressCard.swift; sourceTree = "<group>"; };
		0AD0B0DBAD9DA455AFB1B7A1 /* BarcodeScannerView.swift */ = {isa = PBXFileReference; lastKnownFileType = sourcecode.swift; path = BarcodeScannerView.swift; sourceTree = "<group>"; };
		18AF7B9661511F6D0E6A5F66 /* AddFoodToMealView.swift */ = {isa = PBXFileReference; lastKnownFileType = sourcecode.swift; path = AddFoodToMealView.swift; sourceTree = "<group>"; };
		1B76F82F30185C4500611817 /* NutrientGoal.swift */ = {isa = PBXFileReference; lastKnownFileType = sourcecode.swift; path = NutrientGoal.swift; sourceTree = "<group>"; };
		1B76F8313018606600611817 /* NutrientProgress.swift */ = {isa = PBXFileReference; lastKnownFileType = sourcecode.swift; path = NutrientProgress.swift; sourceTree = "<group>"; };
		4353E87842E1DE019B57287E /* FoodLog.swift */ = {isa = PBXFileReference; lastKnownFileType = sourcecode.swift; path = FoodLog.swift; sourceTree = "<group>"; };
		569D8CEE9DF3A85BB094A460 /* Goal.swift */ = {isa = PBXFileReference; lastKnownFileType = sourcecode.swift; path = Goal.swift; sourceTree = "<group>"; };
		6D98CF1A3E203B0805534D5C /* Info.plist */ = {isa = PBXFileReference; lastKnownFileType = text.plist; path = Info.plist; sourceTree = "<group>"; };
		79910E7320F38EFEFEAA0219 /* FoodProduct.swift */ = {isa = PBXFileReference; lastKnownFileType = sourcecode.swift; path = FoodProduct.swift; sourceTree = "<group>"; };
		88A37F96D5637B8466DFE41E /* TodayMealsSection.swift */ = {isa = PBXFileReference; lastKnownFileType = sourcecode.swift; path = TodayMealsSection.swift; sourceTree = "<group>"; };
		967331C44D7C971CBB10BF4A /* NoGoalBanner.swift */ = {isa = PBXFileReference; lastKnownFileType = sourcecode.swift; path = NoGoalBanner.swift; sourceTree = "<group>"; };
		9809F0C216CBF8755FDA6A26 /* MacroProgressCard.swift */ = {isa = PBXFileReference; lastKnownFileType = sourcecode.swift; path = MacroProgressCard.swift; sourceTree = "<group>"; };
		9D939D7DC66776EDBCDC0639 /* AddGoalView.swift */ = {isa = PBXFileReference; lastKnownFileType = sourcecode.swift; path = AddGoalView.swift; sourceTree = "<group>"; };
		A8021A7DE3D7F90389C81725 /* FoodLogView.swift */ = {isa = PBXFileReference; lastKnownFileType = sourcecode.swift; path = FoodLogView.swift; sourceTree = "<group>"; };
		BF7165BA0322BBB7141EED69 /* MealPlanView.swift */ = {isa = PBXFileReference; lastKnownFileType = sourcecode.swift; path = MealPlanView.swift; sourceTree = "<group>"; };
		C3173664487E70C187641837 /* HomeView.swift */ = {isa = PBXFileReference; lastKnownFileType = sourcecode.swift; path = HomeView.swift; sourceTree = "<group>"; };
		C3968C93D864558F1DB87A76 /* Meal.swift */ = {isa = PBXFileReference; lastKnownFileType = sourcecode.swift; path = Meal.swift; sourceTree = "<group>"; };
		C5E1835B5C8F30F9D4BD65B4 /* HealthTrackerApp.swift */ = {isa = PBXFileReference; lastKnownFileType = sourcecode.swift; path = HealthTrackerApp.swift; sourceTree = "<group>"; };
		D05E70F5EFD2309B91C3F539 /* Secrets.swift.example */ = {isa = PBXFileReference; lastKnownFileType = text; path = Secrets.swift.example; sourceTree = "<group>"; };
		D09CCF9107970ABDC0ECFE32 /* OpenFoodFactsService.swift */ = {isa = PBXFileReference; lastKnownFileType = sourcecode.swift; path = OpenFoodFactsService.swift; sourceTree = "<group>"; };
		D74CE4A70C010CFDBCB93940 /* HealthTracker.app */ = {isa = PBXFileReference; includeInIndex = 0; lastKnownFileType = wrapper.application; path = HealthTracker.app; sourceTree = BUILT_PRODUCTS_DIR; };
		D93FE112FAC0311E4A82F2C2 /* GoalsView.swift */ = {isa = PBXFileReference; lastKnownFileType = sourcecode.swift; path = GoalsView.swift; sourceTree = "<group>"; };
		E5AC3E9C0E6A697BB56E25A8 /* ContentView.swift */ = {isa = PBXFileReference; lastKnownFileType = sourcecode.swift; path = ContentView.swift; sourceTree = "<group>"; };
		F6803F67A6868A5E6B78A54A /* Secrets.swift */ = {isa = PBXFileReference; lastKnownFileType = sourcecode.swift; path = Secrets.swift; sourceTree = "<group>"; };
		F8F309DF5E5978563154E8E6 /* FoodLookupService.swift */ = {isa = PBXFileReference; lastKnownFileType = sourcecode.swift; path = FoodLookupService.swift; sourceTree = "<group>"; };
/* End PBXFileReference section */

/* Begin PBXGroup section */
		0614DF02992BC3FEF9096485 /* MealPlan */ = {
			isa = PBXGroup;
			children = (
				BF7165BA0322BBB7141EED69 /* MealPlanView.swift */,
			);
			path = MealPlan;
			sourceTree = "<group>";
		};
		06FD1DFEC9BD2CF68FDFBAC1 /* Models */ = {
			isa = PBXGroup;
			children = (
				08FBC55D09F11B8E003CC4FD /* BrainFood.swift */,
				1B76F8313018606600611817 /* NutrientProgress.swift */,
				1B76F82F30185C4500611817 /* NutrientGoal.swift */,
				C76A4B203C1BA5922F99BB13 /* NutrientCatalog.swift */,
				4353E87842E1DE019B57287E /* FoodLog.swift */,
				79910E7320F38EFEFEAA0219 /* FoodProduct.swift */,
				569D8CEE9DF3A85BB094A460 /* Goal.swift */,
				C3968C93D864558F1DB87A76 /* Meal.swift */,
			);
			path = Models;
			sourceTree = "<group>";
		};
		3A9A249DF46FD2BE57918F3E /* Components */ = {
			isa = PBXGroup;
			children = (
				FE22E150B6C3E03A9587AF6D /* BrainFoodCard.swift */,
				9809F0C216CBF8755FDA6A26 /* MacroProgressCard.swift */,
				26F75F47365B9F768865880A /* NutrientProgressCard.swift */,
				967331C44D7C971CBB10BF4A /* NoGoalBanner.swift */,
				88A37F96D5637B8466DFE41E /* TodayMealsSection.swift */,
			);
			path = Components;
			sourceTree = "<group>";
		};
		3C11B2A09827F090D7877D15 /* Home */ = {
			isa = PBXGroup;
			children = (
				18AF7B9661511F6D0E6A5F66 /* AddFoodToMealView.swift */,
				0AD0B0DBAD9DA455AFB1B7A1 /* BarcodeScannerView.swift */,
				E5AC3E9C0E6A697BB56E25A8 /* ContentView.swift */,
				17C003DD582CD2FA28DBA5DC /* FoodSearchView.swift */,
				C3173664487E70C187641837 /* HomeView.swift */,
			);
			path = Home;
			sourceTree = "<group>";
		};
		6E48B5C56668D2DD9BB3DBE2 /* HealthTracker */ = {
			isa = PBXGroup;
			children = (
				C5E1835B5C8F30F9D4BD65B4 /* HealthTrackerApp.swift */,
				03DE791C28BBCCDBDB53387C /* HealthTracker.entitlements */,
				6D98CF1A3E203B0805534D5C /* Info.plist */,
				06FD1DFEC9BD2CF68FDFBAC1 /* Models */,
				FADE365DE14A4D9A3BB73A6D /* Services */,
				EC6A16C9126AB2D87F1ED9DF /* Utilities */,
				A4EF703609C78813A4006BBC /* Views */,
			);
			path = HealthTracker;
			sourceTree = "<group>";
		};
		A4EF703609C78813A4006BBC /* Views */ = {
			isa = PBXGroup;
			children = (
				3A9A249DF46FD2BE57918F3E /* Components */,
				C359883F463F8870212E1339 /* FoodLog */,
				BF271AA6E02E36C7178E5C5B /* Goals */,
				3C11B2A09827F090D7877D15 /* Home */,
				0614DF02992BC3FEF9096485 /* MealPlan */,
			);
			path = Views;
			sourceTree = "<group>";
		};
		BF271AA6E02E36C7178E5C5B /* Goals */ = {
			isa = PBXGroup;
			children = (
				9D939D7DC66776EDBCDC0639 /* AddGoalView.swift */,
				19BFADD40954FA428E1D1542 /* AddNutrientGoalView.swift */,
				5DE3926FB30336B8156E725B /* EditNutrientGoalView.swift */,
				D93FE112FAC0311E4A82F2C2 /* GoalsView.swift */,
			);
			path = Goals;
			sourceTree = "<group>";
		};
		C359883F463F8870212E1339 /* FoodLog */ = {
			isa = PBXGroup;
			children = (
				A8021A7DE3D7F90389C81725 /* FoodLogView.swift */,
			);
			path = FoodLog;
			sourceTree = "<group>";
		};
		EC6A16C9126AB2D87F1ED9DF /* Utilities */ = {
			isa = PBXGroup;
			children = (
				F6803F67A6868A5E6B78A54A /* Secrets.swift */,
				D05E70F5EFD2309B91C3F539 /* Secrets.swift.example */,
			);
			path = Utilities;
			sourceTree = "<group>";
		};
		EFBA0E4710555A983C146492 = {
			isa = PBXGroup;
			children = (
				6E48B5C56668D2DD9BB3DBE2 /* HealthTracker */,
				F301ACCB1E7315088AE2DA04 /* Products */,
			);
			sourceTree = "<group>";
		};
		F301ACCB1E7315088AE2DA04 /* Products */ = {
			isa = PBXGroup;
			children = (
				D74CE4A70C010CFDBCB93940 /* HealthTracker.app */,
			);
			name = Products;
			sourceTree = "<group>";
		};
		FADE365DE14A4D9A3BB73A6D /* Services */ = {
			isa = PBXGroup;
			children = (
				35D9EDDAFDEDF3316B3B4128 /* BrainFoodService.swift */,
				F8F309DF5E5978563154E8E6 /* FoodLookupService.swift */,
				84736134C12DB15B74DA35DE /* HealthKitService.swift */,
				D09CCF9107970ABDC0ECFE32 /* OpenFoodFactsService.swift */,
				01563E12C1F8267343253B4B /* USDAService.swift */,
			);
			path = Services;
			sourceTree = "<group>";
		};
/* End PBXGroup section */

/* Begin PBXNativeTarget section */
		F2EF49F1EF4FF240EAD4E803 /* HealthTracker */ = {
			isa = PBXNativeTarget;
			buildConfigurationList = D43F69F8BBB571993081214D /* Build configuration list for PBXNativeTarget "HealthTracker" */;
			buildPhases = (
				9E8956505AD43441B5EC8EFC /* Sources */,
				754B4E9A388040E061EF5C1E /* Resources */,
			);
			buildRules = (
			);
			dependencies = (
			);
			name = HealthTracker;
			packageProductDependencies = (
			);
			productName = HealthTracker;
			productReference = D74CE4A70C010CFDBCB93940 /* HealthTracker.app */;
			productType = "com.apple.product-type.application";
		};
/* End PBXNativeTarget section */

/* Begin PBXProject section */
		FE913866E09828EF29E704B2 /* Project object */ = {
			isa = PBXProject;
			attributes = {
				BuildIndependentTargetsInParallel = YES;
				LastUpgradeCheck = 1500;
				TargetAttributes = {
					F2EF49F1EF4FF240EAD4E803 = {
						DevelopmentTeam = "";
					};
				};
			};
			buildConfigurationList = CDBD717EA3D89E692CB99C89 /* Build configuration list for PBXProject "HealthTracker" */;
			developmentRegion = en;
			hasScannedForEncodings = 0;
			knownRegions = (
				Base,
				en,
			);
			mainGroup = EFBA0E4710555A983C146492;
			minimizedProjectReferenceProxies = 1;
			preferredProjectObjectVersion = 77;
			productRefGroup = F301ACCB1E7315088AE2DA04 /* Products */;
			projectDirPath = "";
			projectRoot = "";
			targets = (
				F2EF49F1EF4FF240EAD4E803 /* HealthTracker */,
			);
		};
/* End PBXProject section */

/* Begin PBXResourcesBuildPhase section */
		754B4E9A388040E061EF5C1E /* Resources */ = {
			isa = PBXResourcesBuildPhase;
			buildActionMask = 2147483647;
			files = (
				8C8EB1204B26CA369410E7A4 /* Secrets.swift.example in Resources */,
			);
			runOnlyForDeploymentPostprocessing = 0;
		};
/* End PBXResourcesBuildPhase section */

/* Begin PBXSourcesBuildPhase section */
		9E8956505AD43441B5EC8EFC /* Sources */ = {
			isa = PBXSourcesBuildPhase;
			buildActionMask = 2147483647;
			files = (
				719E2329C08AEE18BB71AA6B /* AddFoodToMealView.swift in Sources */,
				58282CB5D17193A11879E8BD /* AddGoalView.swift in Sources */,
				270A2DE26F6A14A229DF2E76 /* BrainFood.swift in Sources */,
				76B4301907EEC3C0071A25DA /* BrainFoodCard.swift in Sources */,
				9125CEB3A98047BFEB65333B /* BrainFoodService.swift in Sources */,
				AC05BD18EB5B9F96494B86D8 /* EditNutrientGoalView.swift in Sources */,
				5F82F5F5F0BAB9BBD4D07EA3 /* HealthKitService.swift in Sources */,
				410F922E2FDB73B0510780A0 /* FoodSearchView.swift in Sources */,
				D47DC1C9AF496407E71511D9 /* NutrientCatalog.swift in Sources */,
				4C23FC18883102A40C0DF597 /* AddNutrientGoalView.swift in Sources */,
				09B88483902773AB55BC8450 /* NutrientProgressCard.swift in Sources */,
				8A5F9F890375B7EAFB02D935 /* BarcodeScannerView.swift in Sources */,
				4A32E163E111A80F036F359E /* ContentView.swift in Sources */,
				01F488FA02872418DEEB4EA3 /* FoodLog.swift in Sources */,
				1B76F8323018606600611817 /* NutrientProgress.swift in Sources */,
				14E455B7D761A2A5569CD582 /* FoodLogView.swift in Sources */,
				EC02E4406770D6611F5CA559 /* FoodLookupService.swift in Sources */,
				F3C52385E637DDB7D17143C5 /* FoodProduct.swift in Sources */,
				F7C0D59A555E8B535B98316E /* Goal.swift in Sources */,
				E5999E2A337CFBCCDF38B9D5 /* GoalsView.swift in Sources */,
				1B76F83030185C4500611817 /* NutrientGoal.swift in Sources */,
				3A39797E4504AB5A6A822F83 /* HealthTrackerApp.swift in Sources */,
				58769B61C69EC3DBD9593501 /* HomeView.swift in Sources */,
				EE88976FD3F04C350E8AC2E4 /* MacroProgressCard.swift in Sources */,
				1B673149CAE62E8E4FEC50B2 /* Meal.swift in Sources */,
				99FEBB64E2246A83F545B0A7 /* MealPlanView.swift in Sources */,
				EED94614ED79A297E427DB84 /* NoGoalBanner.swift in Sources */,
				28404818AEE2BDAF75ECF22F /* OpenFoodFactsService.swift in Sources */,
				9652D3D04809B0062F3B5016 /* Secrets.swift in Sources */,
				38A4E2BF1ACDA66E2FA51664 /* TodayMealsSection.swift in Sources */,
				A6779DCEC34DF673EEC2295C /* USDAService.swift in Sources */,
			);
			runOnlyForDeploymentPostprocessing = 0;
		};
/* End PBXSourcesBuildPhase section */

/* Begin XCBuildConfiguration section */
		095E7DFA1A0142CF7699B176 /* Release */ = {
			isa = XCBuildConfiguration;
			buildSettings = {
				ASSETCATALOG_COMPILER_APPICON_NAME = AppIcon;
				CODE_SIGN_ENTITLEMENTS = HealthTracker/HealthTracker.entitlements;
				CODE_SIGN_IDENTITY = "iPhone Developer";
				INFOPLIST_FILE = HealthTracker/Info.plist;
				LD_RUNPATH_SEARCH_PATHS = (
					"$(inherited)",
					"@executable_path/Frameworks",
				);
				PRODUCT_BUNDLE_IDENTIFIER = com.arushi.HealthTracker;
				SDKROOT = iphoneos;
				SWIFT_EMIT_LOC_STRINGS = YES;
				TARGETED_DEVICE_FAMILY = "1,2";
			};
			name = Release;
		};
		B0CC6E1BDA2245E69A0E7DB7 /* Debug */ = {
			isa = XCBuildConfiguration;
			buildSettings = {
				ASSETCATALOG_COMPILER_APPICON_NAME = AppIcon;
				CODE_SIGN_ENTITLEMENTS = HealthTracker/HealthTracker.entitlements;
				CODE_SIGN_IDENTITY = "iPhone Developer";
				INFOPLIST_FILE = HealthTracker/Info.plist;
				LD_RUNPATH_SEARCH_PATHS = (
					"$(inherited)",
					"@executable_path/Frameworks",
				);
				PRODUCT_BUNDLE_IDENTIFIER = com.arushi.HealthTracker;
				SDKROOT = iphoneos;
				SWIFT_EMIT_LOC_STRINGS = YES;
				TARGETED_DEVICE_FAMILY = "1,2";
			};
			name = Debug;
		};
		C4D08898051C80760FB3C29B /* Release */ = {
			isa = XCBuildConfiguration;
			buildSettings = {
				ALWAYS_SEARCH_USER_PATHS = NO;
				CLANG_ANALYZER_NONNULL = YES;
				CLANG_ANALYZER_NUMBER_OBJECT_CONVERSION = YES_AGGRESSIVE;
				CLANG_CXX_LANGUAGE_STANDARD = "gnu++14";
				CLANG_CXX_LIBRARY = "libc++";
				CLANG_ENABLE_MODULES = YES;
				CLANG_ENABLE_OBJC_ARC = YES;
				CLANG_ENABLE_OBJC_WEAK = YES;
				CLANG_WARN_BLOCK_CAPTURE_AUTORELEASING = YES;
				CLANG_WARN_BOOL_CONVERSION = YES;
				CLANG_WARN_COMMA = YES;
				CLANG_WARN_CONSTANT_CONVERSION = YES;
				CLANG_WARN_DEPRECATED_OBJC_IMPLEMENTATIONS = YES;
				CLANG_WARN_DIRECT_OBJC_ISA_USAGE = YES_ERROR;
				CLANG_WARN_DOCUMENTATION_COMMENTS = YES;
				CLANG_WARN_EMPTY_BODY = YES;
				CLANG_WARN_ENUM_CONVERSION = YES;
				CLANG_WARN_INFINITE_RECURSION = YES;
				CLANG_WARN_INT_CONVERSION = YES;
				CLANG_WARN_NON_LITERAL_NULL_CONVERSION = YES;
				CLANG_WARN_OBJC_IMPLICIT_RETAIN_SELF = YES;
				CLANG_WARN_OBJC_LITERAL_CONVERSION = YES;
				CLANG_WARN_OBJC_ROOT_CLASS = YES_ERROR;
				CLANG_WARN_QUOTED_INCLUDE_IN_FRAMEWORK_HEADER = YES;
				CLANG_WARN_RANGE_LOOP_ANALYSIS = YES;
				CLANG_WARN_STRICT_PROTOTYPES = YES;
				CLANG_WARN_SUSPICIOUS_MOVE = YES;
				CLANG_WARN_UNGUARDED_AVAILABILITY = YES_AGGRESSIVE;
				CLANG_WARN_UNREACHABLE_CODE = YES;
				CLANG_WARN__DUPLICATE_METHOD_MATCH = YES;
				COPY_PHASE_STRIP = NO;
				CURRENT_PROJECT_VERSION = 1;
				DEBUG_INFORMATION_FORMAT = "dwarf-with-dsym";
				DEVELOPMENT_TEAM = "";
				ENABLE_NS_ASSERTIONS = NO;
				ENABLE_STRICT_OBJC_MSGSEND = YES;
				GCC_C_LANGUAGE_STANDARD = gnu11;
				GCC_NO_COMMON_BLOCKS = YES;
				GCC_WARN_64_TO_32_BIT_CONVERSION = YES;
				GCC_WARN_ABOUT_RETURN_TYPE = YES_ERROR;
				GCC_WARN_UNDECLARED_SELECTOR = YES;
				GCC_WARN_UNINITIALIZED_AUTOS = YES_AGGRESSIVE;
				GCC_WARN_UNUSED_FUNCTION = YES;
				GCC_WARN_UNUSED_VARIABLE = YES;
				IPHONEOS_DEPLOYMENT_TARGET = 17.0;
				MARKETING_VERSION = 1.0;
				MTL_ENABLE_DEBUG_INFO = NO;
				MTL_FAST_MATH = YES;
				PRODUCT_NAME = "$(TARGET_NAME)";
				SDKROOT = iphoneos;
				SWIFT_COMPILATION_MODE = wholemodule;
				SWIFT_OPTIMIZATION_LEVEL = "-O";
				SWIFT_VERSION = 5.9;
			};
			name = Release;
		};
		F39EB0C5F961FCD97F8725F8 /* Debug */ = {
			isa = XCBuildConfiguration;
			buildSettings = {
				ALWAYS_SEARCH_USER_PATHS = NO;
				CLANG_ANALYZER_NONNULL = YES;
				CLANG_ANALYZER_NUMBER_OBJECT_CONVERSION = YES_AGGRESSIVE;
				CLANG_CXX_LANGUAGE_STANDARD = "gnu++14";
				CLANG_CXX_LIBRARY = "libc++";
				CLANG_ENABLE_MODULES = YES;
				CLANG_ENABLE_OBJC_ARC = YES;
				CLANG_ENABLE_OBJC_WEAK = YES;
				CLANG_WARN_BLOCK_CAPTURE_AUTORELEASING = YES;
				CLANG_WARN_BOOL_CONVERSION = YES;
				CLANG_WARN_COMMA = YES;
				CLANG_WARN_CONSTANT_CONVERSION = YES;
				CLANG_WARN_DEPRECATED_OBJC_IMPLEMENTATIONS = YES;
				CLANG_WARN_DIRECT_OBJC_ISA_USAGE = YES_ERROR;
				CLANG_WARN_DOCUMENTATION_COMMENTS = YES;
				CLANG_WARN_EMPTY_BODY = YES;
				CLANG_WARN_ENUM_CONVERSION = YES;
				CLANG_WARN_INFINITE_RECURSION = YES;
				CLANG_WARN_INT_CONVERSION = YES;
				CLANG_WARN_NON_LITERAL_NULL_CONVERSION = YES;
				CLANG_WARN_OBJC_IMPLICIT_RETAIN_SELF = YES;
				CLANG_WARN_OBJC_LITERAL_CONVERSION = YES;
				CLANG_WARN_OBJC_ROOT_CLASS = YES_ERROR;
				CLANG_WARN_QUOTED_INCLUDE_IN_FRAMEWORK_HEADER = YES;
				CLANG_WARN_RANGE_LOOP_ANALYSIS = YES;
				CLANG_WARN_STRICT_PROTOTYPES = YES;
				CLANG_WARN_SUSPICIOUS_MOVE = YES;
				CLANG_WARN_UNGUARDED_AVAILABILITY = YES_AGGRESSIVE;
				CLANG_WARN_UNREACHABLE_CODE = YES;
				CLANG_WARN__DUPLICATE_METHOD_MATCH = YES;
				COPY_PHASE_STRIP = NO;
				CURRENT_PROJECT_VERSION = 1;
				DEBUG_INFORMATION_FORMAT = dwarf;
				DEVELOPMENT_TEAM = "";
				ENABLE_STRICT_OBJC_MSGSEND = YES;
				ENABLE_TESTABILITY = YES;
				GCC_C_LANGUAGE_STANDARD = gnu11;
				GCC_DYNAMIC_NO_PIC = NO;
				GCC_NO_COMMON_BLOCKS = YES;
				GCC_OPTIMIZATION_LEVEL = 0;
				GCC_PREPROCESSOR_DEFINITIONS = (
					"$(inherited)",
					"DEBUG=1",
				);
				GCC_WARN_64_TO_32_BIT_CONVERSION = YES;
				GCC_WARN_ABOUT_RETURN_TYPE = YES_ERROR;
				GCC_WARN_UNDECLARED_SELECTOR = YES;
				GCC_WARN_UNINITIALIZED_AUTOS = YES_AGGRESSIVE;
				GCC_WARN_UNUSED_FUNCTION = YES;
				GCC_WARN_UNUSED_VARIABLE = YES;
				IPHONEOS_DEPLOYMENT_TARGET = 17.0;
				MARKETING_VERSION = 1.0;
				MTL_ENABLE_DEBUG_INFO = INCLUDE_SOURCE;
				MTL_FAST_MATH = YES;
				ONLY_ACTIVE_ARCH = YES;
				PRODUCT_NAME = "$(TARGET_NAME)";
				SDKROOT = iphoneos;
				SWIFT_ACTIVE_COMPILATION_CONDITIONS = DEBUG;
				SWIFT_OPTIMIZATION_LEVEL = "-Onone";
				SWIFT_VERSION = 5.9;
			};
			name = Debug;
		};
/* End XCBuildConfiguration section */

/* Begin XCConfigurationList section */
		CDBD717EA3D89E692CB99C89 /* Build configuration list for PBXProject "HealthTracker" */ = {
			isa = XCConfigurationList;
			buildConfigurations = (
				F39EB0C5F961FCD97F8725F8 /* Debug */,
				C4D08898051C80760FB3C29B /* Release */,
			);
			defaultConfigurationIsVisible = 0;
			defaultConfigurationName = Debug;
		};
		D43F69F8BBB571993081214D /* Build configuration list for PBXNativeTarget "HealthTracker" */ = {
			isa = XCConfigurationList;
			buildConfigurations = (
				B0CC6E1BDA2245E69A0E7DB7 /* Debug */,
				095E7DFA1A0142CF7699B176 /* Release */,
			);
			defaultConfigurationIsVisible = 0;
			defaultConfigurationName = Debug;
		};
/* End XCConfigurationList section */
	};
	rootObject = FE913866E09828EF29E704B2 /* Project object */;
}
